
Microsoft Visual Studio Solution File, Format Version 12.00
# Visual Studio Version 17
VisualStudioVersion = 17.11.35303.130
MinimumVisualStudioVersion = 10.0.40219.1
Project("{FAE04EC0-301F-11D3-BF4B-00C04F79EFBC}") = "Supermarket-mvp", "Supermarket-mvp\Supermarket-mvp.csproj", "{5E1BA539-2DEE-43FF-83E1-0E16DF8DD799}"
EndProject
Global
	GlobalSection(SolutionConfigurationPlatforms) = preSolution
		Debug|Any CPU = Debug|Any CPU
		Release|Any CPU = Release|Any CPU
	EndGlobalSection
	GlobalSection(ProjectConfigurationPlatforms) = postSolution
		{5E1BA539-2DEE-43FF-83E1-0E16DF8DD799}.Debug|Any CPU.ActiveCfg = Debug|Any CPU
		{5E1BA539-2DEE-43FF-83E1-0E16DF8DD799}.Debug|Any CPU.Build.0 = Debug|Any CPU
		{5E1BA539-2DEE-43FF-83E1-0E16DF8DD799}.Release|Any CPU.ActiveCfg = Release|Any CPU
		{5E1BA539-2DEE-43FF-83E1-0E16DF8DD799}.Release|Any CPU.Build.0 = Release|Any CPU
	EndGlobalSection
	GlobalSection(SolutionProperties) = preSolution
		HideSolutionNode = FALSE
	EndGlobalSection
	GlobalSection(ExtensibilityGlobals) = postSolution
		SolutionGuid = {BCD9BF15-5F8A-4F77-849F-E2AB6F21796D}
	EndGlobalSection
EndGlobal
